{
  "name": "Event_Management_Ruby",
  "lockfileVersion": 3,
  "requires": true,
  "packages": {
    "": {
      "dependencies": {
        "@hotwired/turbo-rails": "^8.0.20"
      }
    },
    "node_modules/@hotwired/turbo": {
      "version": "8.0.20",
      "resolved": "https://registry.npmjs.org/@hotwired/turbo/-/turbo-8.0.20.tgz",
      "integrity": "sha512-IilkH/+h92BRLeY/rMMR3MUh1gshIfdra/qZzp/Bl5FmiALD/6sQZK/ecxSbumeyOYiWr/JRI+Au1YQmkJGnoA==",
      "engines": {
        "node": ">= 18"
      }
    },
    "node_modules/@hotwired/turbo-rails": {
      "version": "8.0.20",
      "resolved": "https://registry.npmjs.org/@hotwired/turbo-rails/-/turbo-rails-8.0.20.tgz",
      "integrity": "sha512-4aYkYF9XMKL7ZZPfgElq15+60osZOwMwhztE4myKQYEzCPvaPUxwZH301tOrBNtWUwOD+TNOm1Hrpeaq22RX9A==",
      "dependencies": {
        "@hotwired/turbo": "^8.0.20",
        "@rails/actioncable": ">=7.0"
      }
    },
    "node_modules/@rails/actioncable": {
      "version": "8.1.100",
      "resolved": "https://registry.npmjs.org/@rails/actioncable/-/actioncable-8.1.100.tgz",
      "integrity": "sha512-j4vJQqz51CDVYv2UafKRu4jiZi5/gTnm7NkyL+VMIgEw3s8jtVtmzu9uItUaZccUg9NJ6o05yVyBAHxNfTuCRA=="
    }
  }
}
